
Microsoft Visual Studio Solution File, Format Version 12.00
# Visual Studio Version 17
VisualStudioVersion = 17.5.33516.290
MinimumVisualStudioVersion = 10.0.40219.1
Project("{9A19103F-16F7-4668-BE54-9A1E7A4F7556}") = "BurgerCodeApp", "BurgerCodeApp\BurgerCodeApp.csproj", "{693354D9-12E0-47EA-B835-026A0E1C081C}"
EndProject
Project("{FAE04EC0-301F-11D3-BF4B-00C04F79EFBC}") = "BurgerCodeApp.Domain", "BurgerCodeApp.Domain\BurgerCodeApp.Domain.csproj", "{CD5F5D2C-C8E8-4005-90AD-0A88E72CA330}"
EndProject
Global
	GlobalSection(SolutionConfigurationPlatforms) = preSolution
		Debug|Any CPU = Debug|Any CPU
		Release|Any CPU = Release|Any CPU
	EndGlobalSection
	GlobalSection(ProjectConfigurationPlatforms) = postSolution
		{693354D9-12E0-47EA-B835-026A0E1C081C}.Debug|Any CPU.ActiveCfg = Debug|Any CPU
		{693354D9-12E0-47EA-B835-026A0E1C081C}.Debug|Any CPU.Build.0 = Debug|Any CPU
		{693354D9-12E0-47EA-B835-026A0E1C081C}.Release|Any CPU.ActiveCfg = Release|Any CPU
		{693354D9-12E0-47EA-B835-026A0E1C081C}.Release|Any CPU.Build.0 = Release|Any CPU
		{CD5F5D2C-C8E8-4005-90AD-0A88E72CA330}.Debug|Any CPU.ActiveCfg = Debug|Any CPU
		{CD5F5D2C-C8E8-4005-90AD-0A88E72CA330}.Debug|Any CPU.Build.0 = Debug|Any CPU
		{CD5F5D2C-C8E8-4005-90AD-0A88E72CA330}.Release|Any CPU.ActiveCfg = Release|Any CPU
		{CD5F5D2C-C8E8-4005-90AD-0A88E72CA330}.Release|Any CPU.Build.0 = Release|Any CPU
	EndGlobalSection
	GlobalSection(SolutionProperties) = preSolution
		HideSolutionNode = FALSE
	EndGlobalSection
	GlobalSection(ExtensibilityGlobals) = postSolution
		SolutionGuid = {5C09B7C3-FB3A-40CD-A60B-53455FF0DD0B}
	EndGlobalSection
EndGlobal
