
Microsoft Visual Studio Solution File, Format Version 12.00
# Visual Studio Version 17
VisualStudioVersion = 17.5.33516.290
MinimumVisualStudioVersion = 10.0.40219.1
<<<<<<< Updated upstream
Project("{9A19103F-16F7-4668-BE54-9A1E7A4F7556}") = "BurgerCodeApp", "BurgerCodeApp\BurgerCodeApp.csproj", "{693354D9-12E0-47EA-B835-026A0E1C081C}"
EndProject
Project("{FAE04EC0-301F-11D3-BF4B-00C04F79EFBC}") = "BurgerCodeApp.Domain", "BurgerCodeApp.Domain\BurgerCodeApp.Domain.csproj", "{4EC6DEA5-B33B-4994-95DE-27E40FEBFB0D}"
EndProject
Project("{FAE04EC0-301F-11D3-BF4B-00C04F79EFBC}") = "BurgerCodeApp.Application", "BurgerCodeApp.Application\BurgerCodeApp.Application.csproj", "{73959930-9E6E-4C0C-BF48-2EAC6C8CE284}"
EndProject
Project("{2150E333-8FDC-42A3-9474-1A3956D46DE8}") = "Core", "Core", "{8B5081FF-AE8E-4A08-B2AB-91FE71B1C5F3}"
EndProject
Project("{FAE04EC0-301F-11D3-BF4B-00C04F79EFBC}") = "BurgerCodeApp.Infrastructure", "BurgerCodeApp.Infrastructure\BurgerCodeApp.Infrastructure.csproj", "{6298F3D4-A50D-4046-B20F-176D56980454}"
EndProject
Project("{FAE04EC0-301F-11D3-BF4B-00C04F79EFBC}") = "BurgerCodeApp.Persistance", "BurgerCodeApp.Persistance\BurgerCodeApp.Persistance.csproj", "{688F418D-6695-4B7A-BAEA-B74C8DCA9F91}"
EndProject
Project("{2150E333-8FDC-42A3-9474-1A3956D46DE8}") = "Infrastructure", "Infrastructure", "{24FE7836-0C58-4A05-89FC-30999C317BC6}"
EndProject
Project("{2150E333-8FDC-42A3-9474-1A3956D46DE8}") = "Presentation", "Presentation", "{F7C99BAD-308C-48AB-8231-A4CE69CAE12C}"
EndProject
Global
	GlobalSection(SolutionConfigurationPlatforms) = preSolution
		Debug|Any CPU = Debug|Any CPU
		Release|Any CPU = Release|Any CPU
	EndGlobalSection
	GlobalSection(ProjectConfigurationPlatforms) = postSolution
		{693354D9-12E0-47EA-B835-026A0E1C081C}.Debug|Any CPU.ActiveCfg = Debug|Any CPU
		{693354D9-12E0-47EA-B835-026A0E1C081C}.Debug|Any CPU.Build.0 = Debug|Any CPU
		{693354D9-12E0-47EA-B835-026A0E1C081C}.Release|Any CPU.ActiveCfg = Release|Any CPU
		{693354D9-12E0-47EA-B835-026A0E1C081C}.Release|Any CPU.Build.0 = Release|Any CPU
		{4EC6DEA5-B33B-4994-95DE-27E40FEBFB0D}.Debug|Any CPU.ActiveCfg = Debug|Any CPU
		{4EC6DEA5-B33B-4994-95DE-27E40FEBFB0D}.Debug|Any CPU.Build.0 = Debug|Any CPU
		{4EC6DEA5-B33B-4994-95DE-27E40FEBFB0D}.Release|Any CPU.ActiveCfg = Release|Any CPU
		{4EC6DEA5-B33B-4994-95DE-27E40FEBFB0D}.Release|Any CPU.Build.0 = Release|Any CPU
		{73959930-9E6E-4C0C-BF48-2EAC6C8CE284}.Debug|Any CPU.ActiveCfg = Debug|Any CPU
		{73959930-9E6E-4C0C-BF48-2EAC6C8CE284}.Debug|Any CPU.Build.0 = Debug|Any CPU
		{73959930-9E6E-4C0C-BF48-2EAC6C8CE284}.Release|Any CPU.ActiveCfg = Release|Any CPU
		{73959930-9E6E-4C0C-BF48-2EAC6C8CE284}.Release|Any CPU.Build.0 = Release|Any CPU
		{6298F3D4-A50D-4046-B20F-176D56980454}.Debug|Any CPU.ActiveCfg = Debug|Any CPU
		{6298F3D4-A50D-4046-B20F-176D56980454}.Debug|Any CPU.Build.0 = Debug|Any CPU
		{6298F3D4-A50D-4046-B20F-176D56980454}.Release|Any CPU.ActiveCfg = Release|Any CPU
		{6298F3D4-A50D-4046-B20F-176D56980454}.Release|Any CPU.Build.0 = Release|Any CPU
		{688F418D-6695-4B7A-BAEA-B74C8DCA9F91}.Debug|Any CPU.ActiveCfg = Debug|Any CPU
		{688F418D-6695-4B7A-BAEA-B74C8DCA9F91}.Debug|Any CPU.Build.0 = Debug|Any CPU
		{688F418D-6695-4B7A-BAEA-B74C8DCA9F91}.Release|Any CPU.ActiveCfg = Release|Any CPU
		{688F418D-6695-4B7A-BAEA-B74C8DCA9F91}.Release|Any CPU.Build.0 = Release|Any CPU
	EndGlobalSection
=======
Global
>>>>>>> Stashed changes
	GlobalSection(SolutionProperties) = preSolution
		HideSolutionNode = FALSE
	EndGlobalSection
	GlobalSection(NestedProjects) = preSolution
		{693354D9-12E0-47EA-B835-026A0E1C081C} = {F7C99BAD-308C-48AB-8231-A4CE69CAE12C}
		{4EC6DEA5-B33B-4994-95DE-27E40FEBFB0D} = {8B5081FF-AE8E-4A08-B2AB-91FE71B1C5F3}
		{73959930-9E6E-4C0C-BF48-2EAC6C8CE284} = {8B5081FF-AE8E-4A08-B2AB-91FE71B1C5F3}
		{6298F3D4-A50D-4046-B20F-176D56980454} = {24FE7836-0C58-4A05-89FC-30999C317BC6}
		{688F418D-6695-4B7A-BAEA-B74C8DCA9F91} = {24FE7836-0C58-4A05-89FC-30999C317BC6}
	EndGlobalSection
	GlobalSection(ExtensibilityGlobals) = postSolution
		SolutionGuid = {5C09B7C3-FB3A-40CD-A60B-53455FF0DD0B}
	EndGlobalSection
EndGlobal
